// !$*UTF8*$!
{
	archiveVersion = 1;
	classes = {
	};
	objectVersion = 56;
	objects = {

/* Begin PBXBuildFile section */
		A2E0D7D62B829CAF00A5AE60 /* blurbApp.swift in Sources */ = {isa = PBXBuildFile; fileRef = A2E0D7D52B829CAF00A5AE60 /* blurbApp.swift */; };
		A2E0D7D82B829CAF00A5AE60 /* ContentView.swift in Sources */ = {isa = PBXBuildFile; fileRef = A2E0D7D72B829CAF00A5AE60 /* ContentView.swift */; };
		A2E0D7DA2B829CB000A5AE60 /* Assets.xcassets in Resources */ = {isa = PBXBuildFile; fileRef = A2E0D7D92B829CB000A5AE60 /* Assets.xcassets */; };
		A2E0D7DD2B829CB000A5AE60 /* Preview Assets.xcassets in Resources */ = {isa = PBXBuildFile; fileRef = A2E0D7DC2B829CB000A5AE60 /* Preview Assets.xcassets */; };
		A2E0D7EF2B82A43200A5AE60 /* LoginView.swift in Sources */ = {isa = PBXBuildFile; fileRef = A2E0D7EE2B82A43200A5AE60 /* LoginView.swift */; };
		A2E0D7F12B82A5FE00A5AE60 /* InputView.swift in Sources */ = {isa = PBXBuildFile; fileRef = A2E0D7F02B82A5FE00A5AE60 /* InputView.swift */; };
		A2E0D7F32B82ABAD00A5AE60 /* RegistrationView.swift in Sources */ = {isa = PBXBuildFile; fileRef = A2E0D7F22B82ABAD00A5AE60 /* RegistrationView.swift */; };
		A2E0D7F52B83DEB700A5AE60 /* ProfileView.swift in Sources */ = {isa = PBXBuildFile; fileRef = A2E0D7F42B83DEB700A5AE60 /* ProfileView.swift */; };
		A2E0D7F72B83E3BC00A5AE60 /* SettingsRowView.swift in Sources */ = {isa = PBXBuildFile; fileRef = A2E0D7F62B83E3BC00A5AE60 /* SettingsRowView.swift */; };
		A2E0D7F92B83E89C00A5AE60 /* User.swift in Sources */ = {isa = PBXBuildFile; fileRef = A2E0D7F82B83E89C00A5AE60 /* User.swift */; };
		A2E0D7FE2B83F07800A5AE60 /* FirebaseAnalytics in Frameworks */ = {isa = PBXBuildFile; productRef = A2E0D7FD2B83F07800A5AE60 /* FirebaseAnalytics */; };
		A2E0D8002B83F07800A5AE60 /* FirebaseAnalyticsOnDeviceConversion in Frameworks */ = {isa = PBXBuildFile; productRef = A2E0D7FF2B83F07800A5AE60 /* FirebaseAnalyticsOnDeviceConversion */; };
		A2E0D8022B83F07800A5AE60 /* FirebaseAnalyticsSwift in Frameworks */ = {isa = PBXBuildFile; productRef = A2E0D8012B83F07800A5AE60 /* FirebaseAnalyticsSwift */; };
		A2E0D8042B83F07800A5AE60 /* FirebaseAnalyticsWithoutAdIdSupport in Frameworks */ = {isa = PBXBuildFile; productRef = A2E0D8032B83F07800A5AE60 /* FirebaseAnalyticsWithoutAdIdSupport */; };
		A2E0D8062B83F07800A5AE60 /* FirebaseAppCheck in Frameworks */ = {isa = PBXBuildFile; productRef = A2E0D8052B83F07800A5AE60 /* FirebaseAppCheck */; };
		A2E0D8082B83F07800A5AE60 /* FirebaseAppDistribution-Beta in Frameworks */ = {isa = PBXBuildFile; productRef = A2E0D8072B83F07800A5AE60 /* FirebaseAppDistribution-Beta */; };
		A2E0D80A2B83F07800A5AE60 /* FirebaseAuth in Frameworks */ = {isa = PBXBuildFile; productRef = A2E0D8092B83F07800A5AE60 /* FirebaseAuth */; };
		A2E0D80C2B83F07800A5AE60 /* FirebaseAuthCombine-Community in Frameworks */ = {isa = PBXBuildFile; productRef = A2E0D80B2B83F07800A5AE60 /* FirebaseAuthCombine-Community */; };
		A2E0D80E2B83F07800A5AE60 /* FirebaseCrashlytics in Frameworks */ = {isa = PBXBuildFile; productRef = A2E0D80D2B83F07800A5AE60 /* FirebaseCrashlytics */; };
		A2E0D8102B83F07800A5AE60 /* FirebaseDatabase in Frameworks */ = {isa = PBXBuildFile; productRef = A2E0D80F2B83F07800A5AE60 /* FirebaseDatabase */; };
		A2E0D8122B83F07800A5AE60 /* FirebaseDatabaseSwift in Frameworks */ = {isa = PBXBuildFile; productRef = A2E0D8112B83F07800A5AE60 /* FirebaseDatabaseSwift */; };
		A2E0D8142B83F07800A5AE60 /* FirebaseDynamicLinks in Frameworks */ = {isa = PBXBuildFile; productRef = A2E0D8132B83F07800A5AE60 /* FirebaseDynamicLinks */; };
		A2E0D8162B83F07800A5AE60 /* FirebaseFirestore in Frameworks */ = {isa = PBXBuildFile; productRef = A2E0D8152B83F07800A5AE60 /* FirebaseFirestore */; };
		A2E0D8182B83F07800A5AE60 /* FirebaseFirestoreCombine-Community in Frameworks */ = {isa = PBXBuildFile; productRef = A2E0D8172B83F07800A5AE60 /* FirebaseFirestoreCombine-Community */; };
		A2E0D81A2B83F07800A5AE60 /* FirebaseFirestoreSwift in Frameworks */ = {isa = PBXBuildFile; productRef = A2E0D8192B83F07800A5AE60 /* FirebaseFirestoreSwift */; };
		A2E0D81C2B83F07800A5AE60 /* FirebaseFunctions in Frameworks */ = {isa = PBXBuildFile; productRef = A2E0D81B2B83F07800A5AE60 /* FirebaseFunctions */; };
		A2E0D81E2B83F07800A5AE60 /* FirebaseFunctionsCombine-Community in Frameworks */ = {isa = PBXBuildFile; productRef = A2E0D81D2B83F07800A5AE60 /* FirebaseFunctionsCombine-Community */; };
		A2E0D8202B83F07800A5AE60 /* FirebaseInAppMessaging-Beta in Frameworks */ = {isa = PBXBuildFile; productRef = A2E0D81F2B83F07800A5AE60 /* FirebaseInAppMessaging-Beta */; };
		A2E0D8222B83F07800A5AE60 /* FirebaseInAppMessagingSwift-Beta in Frameworks */ = {isa = PBXBuildFile; productRef = A2E0D8212B83F07800A5AE60 /* FirebaseInAppMessagingSwift-Beta */; };
		A2E0D8242B83F07800A5AE60 /* FirebaseInstallations in Frameworks */ = {isa = PBXBuildFile; productRef = A2E0D8232B83F07800A5AE60 /* FirebaseInstallations */; };
		A2E0D8262B83F07800A5AE60 /* FirebaseMLModelDownloader in Frameworks */ = {isa = PBXBuildFile; productRef = A2E0D8252B83F07800A5AE60 /* FirebaseMLModelDownloader */; };
		A2E0D8282B83F07800A5AE60 /* FirebaseMessaging in Frameworks */ = {isa = PBXBuildFile; productRef = A2E0D8272B83F07800A5AE60 /* FirebaseMessaging */; };
		A2E0D82A2B83F07800A5AE60 /* FirebasePerformance in Frameworks */ = {isa = PBXBuildFile; productRef = A2E0D8292B83F07800A5AE60 /* FirebasePerformance */; };
		A2E0D82C2B83F07800A5AE60 /* FirebaseRemoteConfig in Frameworks */ = {isa = PBXBuildFile; productRef = A2E0D82B2B83F07800A5AE60 /* FirebaseRemoteConfig */; };
		A2E0D82E2B83F07800A5AE60 /* FirebaseRemoteConfigSwift in Frameworks */ = {isa = PBXBuildFile; productRef = A2E0D82D2B83F07800A5AE60 /* FirebaseRemoteConfigSwift */; };
		A2E0D8302B83F07800A5AE60 /* FirebaseStorage in Frameworks */ = {isa = PBXBuildFile; productRef = A2E0D82F2B83F07800A5AE60 /* FirebaseStorage */; };
		A2E0D8322B83F07800A5AE60 /* FirebaseStorageCombine-Community in Frameworks */ = {isa = PBXBuildFile; productRef = A2E0D8312B83F07800A5AE60 /* FirebaseStorageCombine-Community */; };
		A2E0D8362B83F19400A5AE60 /* AuthViewModel.swift in Sources */ = {isa = PBXBuildFile; fileRef = A2E0D8352B83F19400A5AE60 /* AuthViewModel.swift */; };
		A2E0D83A2B86E08200A5AE60 /* .gitignore in Resources */ = {isa = PBXBuildFile; fileRef = A2E0D8392B86E08200A5AE60 /* .gitignore */; };
		A2E0D83C2B86E3B900A5AE60 /* GoogleService-Info.plist in Resources */ = {isa = PBXBuildFile; fileRef = A2E0D83B2B86E3B900A5AE60 /* GoogleService-Info.plist */; };
		A2E0D83E2B88413200A5AE60 /* Home.swift in Sources */ = {isa = PBXBuildFile; fileRef = A2E0D83D2B88413200A5AE60 /* Home.swift */; };
		A2E0D8402B88523800A5AE60 /* AddLanguageCard.swift in Sources */ = {isa = PBXBuildFile; fileRef = A2E0D83F2B88523800A5AE60 /* AddLanguageCard.swift */; };
		A2E0D8422B88578300A5AE60 /* Language.swift in Sources */ = {isa = PBXBuildFile; fileRef = A2E0D8412B88578300A5AE60 /* Language.swift */; };
		A2E0D8442B8944C600A5AE60 /* LanguageSelector.swift in Sources */ = {isa = PBXBuildFile; fileRef = A2E0D8432B8944C600A5AE60 /* LanguageSelector.swift */; };
		A2E0D8462B89495D00A5AE60 /* IndividualLanguage.swift in Sources */ = {isa = PBXBuildFile; fileRef = A2E0D8452B89495D00A5AE60 /* IndividualLanguage.swift */; };
		A2E0D8482B89681200A5AE60 /* LanguageViewModel.swift in Sources */ = {isa = PBXBuildFile; fileRef = A2E0D8472B89681200A5AE60 /* LanguageViewModel.swift */; };
		A2E0D84A2B8BA68B00A5AE60 /* UserLanguage.swift in Sources */ = {isa = PBXBuildFile; fileRef = A2E0D8492B8BA68B00A5AE60 /* UserLanguage.swift */; };
/* End PBXBuildFile section */

/* Begin PBXFileReference section */
		A2E0D7D22B829CAF00A5AE60 /* blurb.app */ = {isa = PBXFileReference; explicitFileType = wrapper.application; includeInIndex = 0; path = blurb.app; sourceTree = BUILT_PRODUCTS_DIR; };
		A2E0D7D52B829CAF00A5AE60 /* blurbApp.swift */ = {isa = PBXFileReference; lastKnownFileType = sourcecode.swift; path = blurbApp.swift; sourceTree = "<group>"; };
		A2E0D7D72B829CAF00A5AE60 /* ContentView.swift */ = {isa = PBXFileReference; lastKnownFileType = sourcecode.swift; path = ContentView.swift; sourceTree = "<group>"; };
		A2E0D7D92B829CB000A5AE60 /* Assets.xcassets */ = {isa = PBXFileReference; lastKnownFileType = folder.assetcatalog; path = Assets.xcassets; sourceTree = "<group>"; };
		A2E0D7DC2B829CB000A5AE60 /* Preview Assets.xcassets */ = {isa = PBXFileReference; lastKnownFileType = folder.assetcatalog; path = "Preview Assets.xcassets"; sourceTree = "<group>"; };
		A2E0D7EE2B82A43200A5AE60 /* LoginView.swift */ = {isa = PBXFileReference; lastKnownFileType = sourcecode.swift; path = LoginView.swift; sourceTree = "<group>"; };
		A2E0D7F02B82A5FE00A5AE60 /* InputView.swift */ = {isa = PBXFileReference; lastKnownFileType = sourcecode.swift; path = InputView.swift; sourceTree = "<group>"; };
		A2E0D7F22B82ABAD00A5AE60 /* RegistrationView.swift */ = {isa = PBXFileReference; lastKnownFileType = sourcecode.swift; path = RegistrationView.swift; sourceTree = "<group>"; };
		A2E0D7F42B83DEB700A5AE60 /* ProfileView.swift */ = {isa = PBXFileReference; lastKnownFileType = sourcecode.swift; path = ProfileView.swift; sourceTree = "<group>"; };
		A2E0D7F62B83E3BC00A5AE60 /* SettingsRowView.swift */ = {isa = PBXFileReference; lastKnownFileType = sourcecode.swift; path = SettingsRowView.swift; sourceTree = "<group>"; };
		A2E0D7F82B83E89C00A5AE60 /* User.swift */ = {isa = PBXFileReference; lastKnownFileType = sourcecode.swift; path = User.swift; sourceTree = "<group>"; };
		A2E0D8352B83F19400A5AE60 /* AuthViewModel.swift */ = {isa = PBXFileReference; lastKnownFileType = sourcecode.swift; path = AuthViewModel.swift; sourceTree = "<group>"; };
		A2E0D8392B86E08200A5AE60 /* .gitignore */ = {isa = PBXFileReference; lastKnownFileType = text; path = .gitignore; sourceTree = "<group>"; };
		A2E0D83B2B86E3B900A5AE60 /* GoogleService-Info.plist */ = {isa = PBXFileReference; fileEncoding = 4; lastKnownFileType = text.plist.xml; path = "GoogleService-Info.plist"; sourceTree = "<group>"; };
		A2E0D83D2B88413200A5AE60 /* Home.swift */ = {isa = PBXFileReference; lastKnownFileType = sourcecode.swift; path = Home.swift; sourceTree = "<group>"; };
		A2E0D83F2B88523800A5AE60 /* AddLanguageCard.swift */ = {isa = PBXFileReference; lastKnownFileType = sourcecode.swift; path = AddLanguageCard.swift; sourceTree = "<group>"; };
		A2E0D8412B88578300A5AE60 /* Language.swift */ = {isa = PBXFileReference; lastKnownFileType = sourcecode.swift; path = Language.swift; sourceTree = "<group>"; };
		A2E0D8432B8944C600A5AE60 /* LanguageSelector.swift */ = {isa = PBXFileReference; lastKnownFileType = sourcecode.swift; path = LanguageSelector.swift; sourceTree = "<group>"; };
		A2E0D8452B89495D00A5AE60 /* IndividualLanguage.swift */ = {isa = PBXFileReference; lastKnownFileType = sourcecode.swift; path = IndividualLanguage.swift; sourceTree = "<group>"; };
		A2E0D8472B89681200A5AE60 /* LanguageViewModel.swift */ = {isa = PBXFileReference; lastKnownFileType = sourcecode.swift; path = LanguageViewModel.swift; sourceTree = "<group>"; };
		A2E0D8492B8BA68B00A5AE60 /* UserLanguage.swift */ = {isa = PBXFileReference; lastKnownFileType = sourcecode.swift; path = UserLanguage.swift; sourceTree = "<group>"; };
/* End PBXFileReference section */

/* Begin PBXFrameworksBuildPhase section */
		A2E0D7CF2B829CAF00A5AE60 /* Frameworks */ = {
			isa = PBXFrameworksBuildPhase;
			buildActionMask = 2147483647;
			files = (
				A2E0D8102B83F07800A5AE60 /* FirebaseDatabase in Frameworks */,
				A2E0D81E2B83F07800A5AE60 /* FirebaseFunctionsCombine-Community in Frameworks */,
				A2E0D8162B83F07800A5AE60 /* FirebaseFirestore in Frameworks */,
				A2E0D8022B83F07800A5AE60 /* FirebaseAnalyticsSwift in Frameworks */,
				A2E0D7FE2B83F07800A5AE60 /* FirebaseAnalytics in Frameworks */,
				A2E0D8002B83F07800A5AE60 /* FirebaseAnalyticsOnDeviceConversion in Frameworks */,
				A2E0D8262B83F07800A5AE60 /* FirebaseMLModelDownloader in Frameworks */,
				A2E0D81A2B83F07800A5AE60 /* FirebaseFirestoreSwift in Frameworks */,
				A2E0D8062B83F07800A5AE60 /* FirebaseAppCheck in Frameworks */,
				A2E0D8042B83F07800A5AE60 /* FirebaseAnalyticsWithoutAdIdSupport in Frameworks */,
				A2E0D80A2B83F07800A5AE60 /* FirebaseAuth in Frameworks */,
				A2E0D80E2B83F07800A5AE60 /* FirebaseCrashlytics in Frameworks */,
				A2E0D82E2B83F07800A5AE60 /* FirebaseRemoteConfigSwift in Frameworks */,
				A2E0D8202B83F07800A5AE60 /* FirebaseInAppMessaging-Beta in Frameworks */,
				A2E0D8122B83F07800A5AE60 /* FirebaseDatabaseSwift in Frameworks */,
				A2E0D81C2B83F07800A5AE60 /* FirebaseFunctions in Frameworks */,
				A2E0D8322B83F07800A5AE60 /* FirebaseStorageCombine-Community in Frameworks */,
				A2E0D82C2B83F07800A5AE60 /* FirebaseRemoteConfig in Frameworks */,
				A2E0D8082B83F07800A5AE60 /* FirebaseAppDistribution-Beta in Frameworks */,
				A2E0D80C2B83F07800A5AE60 /* FirebaseAuthCombine-Community in Frameworks */,
				A2E0D82A2B83F07800A5AE60 /* FirebasePerformance in Frameworks */,
				A2E0D8222B83F07800A5AE60 /* FirebaseInAppMessagingSwift-Beta in Frameworks */,
				A2E0D8302B83F07800A5AE60 /* FirebaseStorage in Frameworks */,
				A2E0D8142B83F07800A5AE60 /* FirebaseDynamicLinks in Frameworks */,
				A2E0D8182B83F07800A5AE60 /* FirebaseFirestoreCombine-Community in Frameworks */,
				A2E0D8282B83F07800A5AE60 /* FirebaseMessaging in Frameworks */,
				A2E0D8242B83F07800A5AE60 /* FirebaseInstallations in Frameworks */,
			);
			runOnlyForDeploymentPostprocessing = 0;
		};
/* End PBXFrameworksBuildPhase section */

/* Begin PBXGroup section */
		A2E0D7C92B829CAF00A5AE60 = {
			isa = PBXGroup;
			children = (
				A2E0D8392B86E08200A5AE60 /* .gitignore */,
				A2E0D7D42B829CAF00A5AE60 /* blurb */,
				A2E0D7D32B829CAF00A5AE60 /* Products */,
			);
			sourceTree = "<group>";
		};
		A2E0D7D32B829CAF00A5AE60 /* Products */ = {
			isa = PBXGroup;
			children = (
				A2E0D7D22B829CAF00A5AE60 /* blurb.app */,
			);
			name = Products;
			sourceTree = "<group>";
		};
		A2E0D7D42B829CAF00A5AE60 /* blurb */ = {
			isa = PBXGroup;
			children = (
				A2E0D83B2B86E3B900A5AE60 /* GoogleService-Info.plist */,
				A2E0D7E62B82A28E00A5AE60 /* Model */,
				A2E0D7E52B82A28C00A5AE60 /* Core */,
				A2E0D7E42B82A28900A5AE60 /* Components */,
				A2E0D7E32B82A28200A5AE60 /* App */,
				A2E0D7D92B829CB000A5AE60 /* Assets.xcassets */,
				A2E0D7DB2B829CB000A5AE60 /* Preview Content */,
			);
			path = blurb;
			sourceTree = "<group>";
		};
		A2E0D7DB2B829CB000A5AE60 /* Preview Content */ = {
			isa = PBXGroup;
			children = (
				A2E0D7DC2B829CB000A5AE60 /* Preview Assets.xcassets */,
			);
			path = "Preview Content";
			sourceTree = "<group>";
		};
		A2E0D7E32B82A28200A5AE60 /* App */ = {
			isa = PBXGroup;
			children = (
				A2E0D7D52B829CAF00A5AE60 /* blurbApp.swift */,
			);
			path = App;
			sourceTree = "<group>";
		};
		A2E0D7E42B82A28900A5AE60 /* Components */ = {
			isa = PBXGroup;
			children = (
				A2E0D7F02B82A5FE00A5AE60 /* InputView.swift */,
				A2E0D7F62B83E3BC00A5AE60 /* SettingsRowView.swift */,
				A2E0D83F2B88523800A5AE60 /* AddLanguageCard.swift */,
				A2E0D8432B8944C600A5AE60 /* LanguageSelector.swift */,
				A2E0D8452B89495D00A5AE60 /* IndividualLanguage.swift */,
			);
			path = Components;
			sourceTree = "<group>";
		};
		A2E0D7E52B82A28C00A5AE60 /* Core */ = {
			isa = PBXGroup;
			children = (
				A2E0D7E92B82A2E200A5AE60 /* Authentication */,
				A2E0D7EA2B82A2E800A5AE60 /* Profile */,
				A2E0D7E82B82A2D000A5AE60 /* Root */,
			);
			path = Core;
			sourceTree = "<group>";
		};
		A2E0D7E62B82A28E00A5AE60 /* Model */ = {
			isa = PBXGroup;
			children = (
				A2E0D7F82B83E89C00A5AE60 /* User.swift */,
				A2E0D8412B88578300A5AE60 /* Language.swift */,
				A2E0D8492B8BA68B00A5AE60 /* UserLanguage.swift */,
			);
			path = Model;
			sourceTree = "<group>";
		};
		A2E0D7E82B82A2D000A5AE60 /* Root */ = {
			isa = PBXGroup;
			children = (
				A2E0D7D72B829CAF00A5AE60 /* ContentView.swift */,
			);
			path = Root;
			sourceTree = "<group>";
		};
		A2E0D7E92B82A2E200A5AE60 /* Authentication */ = {
			isa = PBXGroup;
			children = (
				A2E0D8342B83F17900A5AE60 /* ViewModel */,
				A2E0D8332B83F17400A5AE60 /* View */,
			);
			path = Authentication;
			sourceTree = "<group>";
		};
		A2E0D7EA2B82A2E800A5AE60 /* Profile */ = {
			isa = PBXGroup;
			children = (
				A2E0D7F42B83DEB700A5AE60 /* ProfileView.swift */,
			);
			path = Profile;
			sourceTree = "<group>";
		};
		A2E0D8332B83F17400A5AE60 /* View */ = {
			isa = PBXGroup;
			children = (
				A2E0D7EE2B82A43200A5AE60 /* LoginView.swift */,
				A2E0D7F22B82ABAD00A5AE60 /* RegistrationView.swift */,
				A2E0D83D2B88413200A5AE60 /* Home.swift */,
			);
			path = View;
			sourceTree = "<group>";
		};
		A2E0D8342B83F17900A5AE60 /* ViewModel */ = {
			isa = PBXGroup;
			children = (
				A2E0D8352B83F19400A5AE60 /* AuthViewModel.swift */,
				A2E0D8472B89681200A5AE60 /* LanguageViewModel.swift */,
			);
			path = ViewModel;
			sourceTree = "<group>";
		};
/* End PBXGroup section */

/* Begin PBXNativeTarget section */
		A2E0D7D12B829CAF00A5AE60 /* blurb */ = {
			isa = PBXNativeTarget;
			buildConfigurationList = A2E0D7E02B829CB000A5AE60 /* Build configuration list for PBXNativeTarget "blurb" */;
			buildPhases = (
				A2E0D7CE2B829CAF00A5AE60 /* Sources */,
				A2E0D7CF2B829CAF00A5AE60 /* Frameworks */,
				A2E0D7D02B829CAF00A5AE60 /* Resources */,
			);
			buildRules = (
			);
			dependencies = (
			);
			name = blurb;
			packageProductDependencies = (
				A2E0D7FD2B83F07800A5AE60 /* FirebaseAnalytics */,
				A2E0D7FF2B83F07800A5AE60 /* FirebaseAnalyticsOnDeviceConversion */,
				A2E0D8012B83F07800A5AE60 /* FirebaseAnalyticsSwift */,
				A2E0D8032B83F07800A5AE60 /* FirebaseAnalyticsWithoutAdIdSupport */,
				A2E0D8052B83F07800A5AE60 /* FirebaseAppCheck */,
				A2E0D8072B83F07800A5AE60 /* FirebaseAppDistribution-Beta */,
				A2E0D8092B83F07800A5AE60 /* FirebaseAuth */,
				A2E0D80B2B83F07800A5AE60 /* FirebaseAuthCombine-Community */,
				A2E0D80D2B83F07800A5AE60 /* FirebaseCrashlytics */,
				A2E0D80F2B83F07800A5AE60 /* FirebaseDatabase */,
				A2E0D8112B83F07800A5AE60 /* FirebaseDatabaseSwift */,
				A2E0D8132B83F07800A5AE60 /* FirebaseDynamicLinks */,
				A2E0D8152B83F07800A5AE60 /* FirebaseFirestore */,
				A2E0D8172B83F07800A5AE60 /* FirebaseFirestoreCombine-Community */,
				A2E0D8192B83F07800A5AE60 /* FirebaseFirestoreSwift */,
				A2E0D81B2B83F07800A5AE60 /* FirebaseFunctions */,
				A2E0D81D2B83F07800A5AE60 /* FirebaseFunctionsCombine-Community */,
				A2E0D81F2B83F07800A5AE60 /* FirebaseInAppMessaging-Beta */,
				A2E0D8212B83F07800A5AE60 /* FirebaseInAppMessagingSwift-Beta */,
				A2E0D8232B83F07800A5AE60 /* FirebaseInstallations */,
				A2E0D8252B83F07800A5AE60 /* FirebaseMLModelDownloader */,
				A2E0D8272B83F07800A5AE60 /* FirebaseMessaging */,
				A2E0D8292B83F07800A5AE60 /* FirebasePerformance */,
				A2E0D82B2B83F07800A5AE60 /* FirebaseRemoteConfig */,
				A2E0D82D2B83F07800A5AE60 /* FirebaseRemoteConfigSwift */,
				A2E0D82F2B83F07800A5AE60 /* FirebaseStorage */,
				A2E0D8312B83F07800A5AE60 /* FirebaseStorageCombine-Community */,
			);
			productName = blurb;
			productReference = A2E0D7D22B829CAF00A5AE60 /* blurb.app */;
			productType = "com.apple.product-type.application";
		};
/* End PBXNativeTarget section */

/* Begin PBXProject section */
		A2E0D7CA2B829CAF00A5AE60 /* Project object */ = {
			isa = PBXProject;
			attributes = {
				BuildIndependentTargetsInParallel = 1;
				LastSwiftUpdateCheck = 1520;
				LastUpgradeCheck = 1520;
				TargetAttributes = {
					A2E0D7D12B829CAF00A5AE60 = {
						CreatedOnToolsVersion = 15.2;
					};
				};
			};
			buildConfigurationList = A2E0D7CD2B829CAF00A5AE60 /* Build configuration list for PBXProject "blurb" */;
			compatibilityVersion = "Xcode 14.0";
			developmentRegion = en;
			hasScannedForEncodings = 0;
			knownRegions = (
				en,
				Base,
			);
			mainGroup = A2E0D7C92B829CAF00A5AE60;
			packageReferences = (
				A2E0D7FC2B83F07800A5AE60 /* XCRemoteSwiftPackageReference "firebase-ios-sdk" */,
			);
			productRefGroup = A2E0D7D32B829CAF00A5AE60 /* Products */;
			projectDirPath = "";
			projectRoot = "";
			targets = (
				A2E0D7D12B829CAF00A5AE60 /* blurb */,
			);
		};
/* End PBXProject section */

/* Begin PBXResourcesBuildPhase section */
		A2E0D7D02B829CAF00A5AE60 /* Resources */ = {
			isa = PBXResourcesBuildPhase;
			buildActionMask = 2147483647;
			files = (
				A2E0D83A2B86E08200A5AE60 /* .gitignore in Resources */,
				A2E0D83C2B86E3B900A5AE60 /* GoogleService-Info.plist in Resources */,
				A2E0D7DD2B829CB000A5AE60 /* Preview Assets.xcassets in Resources */,
				A2E0D7DA2B829CB000A5AE60 /* Assets.xcassets in Resources */,
			);
			runOnlyForDeploymentPostprocessing = 0;
		};
/* End PBXResourcesBuildPhase section */

/* Begin PBXSourcesBuildPhase section */
		A2E0D7CE2B829CAF00A5AE60 /* Sources */ = {
			isa = PBXSourcesBuildPhase;
			buildActionMask = 2147483647;
			files = (
				A2E0D84A2B8BA68B00A5AE60 /* UserLanguage.swift in Sources */,
				A2E0D7EF2B82A43200A5AE60 /* LoginView.swift in Sources */,
				A2E0D7F12B82A5FE00A5AE60 /* InputView.swift in Sources */,
				A2E0D83E2B88413200A5AE60 /* Home.swift in Sources */,
				A2E0D8462B89495D00A5AE60 /* IndividualLanguage.swift in Sources */,
				A2E0D8482B89681200A5AE60 /* LanguageViewModel.swift in Sources */,
				A2E0D7D82B829CAF00A5AE60 /* ContentView.swift in Sources */,
				A2E0D7D62B829CAF00A5AE60 /* blurbApp.swift in Sources */,
				A2E0D7F92B83E89C00A5AE60 /* User.swift in Sources */,
				A2E0D7F52B83DEB700A5AE60 /* ProfileView.swift in Sources */,
				A2E0D7F32B82ABAD00A5AE60 /* RegistrationView.swift in Sources */,
				A2E0D7F72B83E3BC00A5AE60 /* SettingsRowView.swift in Sources */,
				A2E0D8442B8944C600A5AE60 /* LanguageSelector.swift in Sources */,
				A2E0D8422B88578300A5AE60 /* Language.swift in Sources */,
				A2E0D8402B88523800A5AE60 /* AddLanguageCard.swift in Sources */,
				A2E0D8362B83F19400A5AE60 /* AuthViewModel.swift in Sources */,
			);
			runOnlyForDeploymentPostprocessing = 0;
		};
/* End PBXSourcesBuildPhase section */

/* Begin XCBuildConfiguration section */
		A2E0D7DE2B829CB000A5AE60 /* Debug */ = {
			isa = XCBuildConfiguration;
			buildSettings = {
				ALWAYS_SEARCH_USER_PATHS = NO;
				ASSETCATALOG_COMPILER_GENERATE_SWIFT_ASSET_SYMBOL_EXTENSIONS = YES;
				CLANG_ANALYZER_NONNULL = YES;
				CLANG_ANALYZER_NUMBER_OBJECT_CONVERSION = YES_AGGRESSIVE;
				CLANG_CXX_LANGUAGE_STANDARD = "gnu++20";
				CLANG_ENABLE_MODULES = YES;
				CLANG_ENABLE_OBJC_ARC = YES;
				CLANG_ENABLE_OBJC_WEAK = YES;
				CLANG_WARN_BLOCK_CAPTURE_AUTORELEASING = YES;
				CLANG_WARN_BOOL_CONVERSION = YES;
				CLANG_WARN_COMMA = YES;
				CLANG_WARN_CONSTANT_CONVERSION = YES;
				CLANG_WARN_DEPRECATED_OBJC_IMPLEMENTATIONS = YES;
				CLANG_WARN_DIRECT_OBJC_ISA_USAGE = YES_ERROR;
				CLANG_WARN_DOCUMENTATION_COMMENTS = YES;
				CLANG_WARN_EMPTY_BODY = YES;
				CLANG_WARN_ENUM_CONVERSION = YES;
				CLANG_WARN_INFINITE_RECURSION = YES;
				CLANG_WARN_INT_CONVERSION = YES;
				CLANG_WARN_NON_LITERAL_NULL_CONVERSION = YES;
				CLANG_WARN_OBJC_IMPLICIT_RETAIN_SELF = YES;
				CLANG_WARN_OBJC_LITERAL_CONVERSION = YES;
				CLANG_WARN_OBJC_ROOT_CLASS = YES_ERROR;
				CLANG_WARN_QUOTED_INCLUDE_IN_FRAMEWORK_HEADER = YES;
				CLANG_WARN_RANGE_LOOP_ANALYSIS = YES;
				CLANG_WARN_STRICT_PROTOTYPES = YES;
				CLANG_WARN_SUSPICIOUS_MOVE = YES;
				CLANG_WARN_UNGUARDED_AVAILABILITY = YES_AGGRESSIVE;
				CLANG_WARN_UNREACHABLE_CODE = YES;
				CLANG_WARN__DUPLICATE_METHOD_MATCH = YES;
				COPY_PHASE_STRIP = NO;
				DEBUG_INFORMATION_FORMAT = dwarf;
				ENABLE_STRICT_OBJC_MSGSEND = YES;
				ENABLE_TESTABILITY = YES;
				ENABLE_USER_SCRIPT_SANDBOXING = YES;
				GCC_C_LANGUAGE_STANDARD = gnu17;
				GCC_DYNAMIC_NO_PIC = NO;
				GCC_NO_COMMON_BLOCKS = YES;
				GCC_OPTIMIZATION_LEVEL = 0;
				GCC_PREPROCESSOR_DEFINITIONS = (
					"DEBUG=1",
					"$(inherited)",
				);
				GCC_WARN_64_TO_32_BIT_CONVERSION = YES;
				GCC_WARN_ABOUT_RETURN_TYPE = YES_ERROR;
				GCC_WARN_UNDECLARED_SELECTOR = YES;
				GCC_WARN_UNINITIALIZED_AUTOS = YES_AGGRESSIVE;
				GCC_WARN_UNUSED_FUNCTION = YES;
				GCC_WARN_UNUSED_VARIABLE = YES;
				IPHONEOS_DEPLOYMENT_TARGET = 17.2;
				LOCALIZATION_PREFERS_STRING_CATALOGS = YES;
				MTL_ENABLE_DEBUG_INFO = INCLUDE_SOURCE;
				MTL_FAST_MATH = YES;
				ONLY_ACTIVE_ARCH = YES;
				SDKROOT = iphoneos;
				SWIFT_ACTIVE_COMPILATION_CONDITIONS = "DEBUG $(inherited)";
				SWIFT_OPTIMIZATION_LEVEL = "-Onone";
			};
			name = Debug;
		};
		A2E0D7DF2B829CB000A5AE60 /* Release */ = {
			isa = XCBuildConfiguration;
			buildSettings = {
				ALWAYS_SEARCH_USER_PATHS = NO;
				ASSETCATALOG_COMPILER_GENERATE_SWIFT_ASSET_SYMBOL_EXTENSIONS = YES;
				CLANG_ANALYZER_NONNULL = YES;
				CLANG_ANALYZER_NUMBER_OBJECT_CONVERSION = YES_AGGRESSIVE;
				CLANG_CXX_LANGUAGE_STANDARD = "gnu++20";
				CLANG_ENABLE_MODULES = YES;
				CLANG_ENABLE_OBJC_ARC = YES;
				CLANG_ENABLE_OBJC_WEAK = YES;
				CLANG_WARN_BLOCK_CAPTURE_AUTORELEASING = YES;
				CLANG_WARN_BOOL_CONVERSION = YES;
				CLANG_WARN_COMMA = YES;
				CLANG_WARN_CONSTANT_CONVERSION = YES;
				CLANG_WARN_DEPRECATED_OBJC_IMPLEMENTATIONS = YES;
				CLANG_WARN_DIRECT_OBJC_ISA_USAGE = YES_ERROR;
				CLANG_WARN_DOCUMENTATION_COMMENTS = YES;
				CLANG_WARN_EMPTY_BODY = YES;
				CLANG_WARN_ENUM_CONVERSION = YES;
				CLANG_WARN_INFINITE_RECURSION = YES;
				CLANG_WARN_INT_CONVERSION = YES;
				CLANG_WARN_NON_LITERAL_NULL_CONVERSION = YES;
				CLANG_WARN_OBJC_IMPLICIT_RETAIN_SELF = YES;
				CLANG_WARN_OBJC_LITERAL_CONVERSION = YES;
				CLANG_WARN_OBJC_ROOT_CLASS = YES_ERROR;
				CLANG_WARN_QUOTED_INCLUDE_IN_FRAMEWORK_HEADER = YES;
				CLANG_WARN_RANGE_LOOP_ANALYSIS = YES;
				CLANG_WARN_STRICT_PROTOTYPES = YES;
				CLANG_WARN_SUSPICIOUS_MOVE = YES;
				CLANG_WARN_UNGUARDED_AVAILABILITY = YES_AGGRESSIVE;
				CLANG_WARN_UNREACHABLE_CODE = YES;
				CLANG_WARN__DUPLICATE_METHOD_MATCH = YES;
				COPY_PHASE_STRIP = NO;
				DEBUG_INFORMATION_FORMAT = "dwarf-with-dsym";
				ENABLE_NS_ASSERTIONS = NO;
				ENABLE_STRICT_OBJC_MSGSEND = YES;
				ENABLE_USER_SCRIPT_SANDBOXING = YES;
				GCC_C_LANGUAGE_STANDARD = gnu17;
				GCC_NO_COMMON_BLOCKS = YES;
				GCC_WARN_64_TO_32_BIT_CONVERSION = YES;
				GCC_WARN_ABOUT_RETURN_TYPE = YES_ERROR;
				GCC_WARN_UNDECLARED_SELECTOR = YES;
				GCC_WARN_UNINITIALIZED_AUTOS = YES_AGGRESSIVE;
				GCC_WARN_UNUSED_FUNCTION = YES;
				GCC_WARN_UNUSED_VARIABLE = YES;
				IPHONEOS_DEPLOYMENT_TARGET = 17.2;
				LOCALIZATION_PREFERS_STRING_CATALOGS = YES;
				MTL_ENABLE_DEBUG_INFO = NO;
				MTL_FAST_MATH = YES;
				SDKROOT = iphoneos;
				SWIFT_COMPILATION_MODE = wholemodule;
				VALIDATE_PRODUCT = YES;
			};
			name = Release;
		};
		A2E0D7E12B829CB000A5AE60 /* Debug */ = {
			isa = XCBuildConfiguration;
			buildSettings = {
				ASSETCATALOG_COMPILER_APPICON_NAME = AppIcon;
				ASSETCATALOG_COMPILER_GLOBAL_ACCENT_COLOR_NAME = AccentColor;
				CODE_SIGN_STYLE = Automatic;
				CURRENT_PROJECT_VERSION = 1;
				DEVELOPMENT_ASSET_PATHS = "\"blurb/Preview Content\"";
				DEVELOPMENT_TEAM = 9QX36HGW76;
				ENABLE_PREVIEWS = YES;
				GENERATE_INFOPLIST_FILE = YES;
				INFOPLIST_KEY_UIApplicationSceneManifest_Generation = YES;
				INFOPLIST_KEY_UIApplicationSupportsIndirectInputEvents = YES;
				INFOPLIST_KEY_UILaunchScreen_Generation = YES;
				INFOPLIST_KEY_UISupportedInterfaceOrientations_iPad = "UIInterfaceOrientationPortrait UIInterfaceOrientationPortraitUpsideDown UIInterfaceOrientationLandscapeLeft UIInterfaceOrientationLandscapeRight";
				INFOPLIST_KEY_UISupportedInterfaceOrientations_iPhone = "UIInterfaceOrientationPortrait UIInterfaceOrientationLandscapeLeft UIInterfaceOrientationLandscapeRight";
				LD_RUNPATH_SEARCH_PATHS = (
					"$(inherited)",
					"@executable_path/Frameworks",
				);
				MARKETING_VERSION = 1.0;
				PRODUCT_BUNDLE_IDENTIFIER = steven.blurb;
				PRODUCT_NAME = "$(TARGET_NAME)";
				SWIFT_EMIT_LOC_STRINGS = YES;
				SWIFT_VERSION = 5.0;
				TARGETED_DEVICE_FAMILY = "1,2";
			};
			name = Debug;
		};
		A2E0D7E22B829CB000A5AE60 /* Release */ = {
			isa = XCBuildConfiguration;
			buildSettings = {
				ASSETCATALOG_COMPILER_APPICON_NAME = AppIcon;
				ASSETCATALOG_COMPILER_GLOBAL_ACCENT_COLOR_NAME = AccentColor;
				CODE_SIGN_STYLE = Automatic;
				CURRENT_PROJECT_VERSION = 1;
				DEVELOPMENT_ASSET_PATHS = "\"blurb/Preview Content\"";
				DEVELOPMENT_TEAM = 9QX36HGW76;
				ENABLE_PREVIEWS = YES;
				GENERATE_INFOPLIST_FILE = YES;
				INFOPLIST_KEY_UIApplicationSceneManifest_Generation = YES;
				INFOPLIST_KEY_UIApplicationSupportsIndirectInputEvents = YES;
				INFOPLIST_KEY_UILaunchScreen_Generation = YES;
				INFOPLIST_KEY_UISupportedInterfaceOrientations_iPad = "UIInterfaceOrientationPortrait UIInterfaceOrientationPortraitUpsideDown UIInterfaceOrientationLandscapeLeft UIInterfaceOrientationLandscapeRight";
				INFOPLIST_KEY_UISupportedInterfaceOrientations_iPhone = "UIInterfaceOrientationPortrait UIInterfaceOrientationLandscapeLeft UIInterfaceOrientationLandscapeRight";
				LD_RUNPATH_SEARCH_PATHS = (
					"$(inherited)",
					"@executable_path/Frameworks",
				);
				MARKETING_VERSION = 1.0;
				PRODUCT_BUNDLE_IDENTIFIER = steven.blurb;
				PRODUCT_NAME = "$(TARGET_NAME)";
				SWIFT_EMIT_LOC_STRINGS = YES;
				SWIFT_VERSION = 5.0;
				TARGETED_DEVICE_FAMILY = "1,2";
			};
			name = Release;
		};
/* End XCBuildConfiguration section */

/* Begin XCConfigurationList section */
		A2E0D7CD2B829CAF00A5AE60 /* Build configuration list for PBXProject "blurb" */ = {
			isa = XCConfigurationList;
			buildConfigurations = (
				A2E0D7DE2B829CB000A5AE60 /* Debug */,
				A2E0D7DF2B829CB000A5AE60 /* Release */,
			);
			defaultConfigurationIsVisible = 0;
			defaultConfigurationName = Release;
		};
		A2E0D7E02B829CB000A5AE60 /* Build configuration list for PBXNativeTarget "blurb" */ = {
			isa = XCConfigurationList;
			buildConfigurations = (
				A2E0D7E12B829CB000A5AE60 /* Debug */,
				A2E0D7E22B829CB000A5AE60 /* Release */,
			);
			defaultConfigurationIsVisible = 0;
			defaultConfigurationName = Release;
		};
/* End XCConfigurationList section */

/* Begin XCRemoteSwiftPackageReference section */
		A2E0D7FC2B83F07800A5AE60 /* XCRemoteSwiftPackageReference "firebase-ios-sdk" */ = {
			isa = XCRemoteSwiftPackageReference;
			repositoryURL = "https://github.com/firebase/firebase-ios-sdk";
			requirement = {
				kind = upToNextMajorVersion;
				minimumVersion = 10.21.0;
			};
		};
/* End XCRemoteSwiftPackageReference section */

/* Begin XCSwiftPackageProductDependency section */
		A2E0D7FD2B83F07800A5AE60 /* FirebaseAnalytics */ = {
			isa = XCSwiftPackageProductDependency;
			package = A2E0D7FC2B83F07800A5AE60 /* XCRemoteSwiftPackageReference "firebase-ios-sdk" */;
			productName = FirebaseAnalytics;
		};
		A2E0D7FF2B83F07800A5AE60 /* FirebaseAnalyticsOnDeviceConversion */ = {
			isa = XCSwiftPackageProductDependency;
			package = A2E0D7FC2B83F07800A5AE60 /* XCRemoteSwiftPackageReference "firebase-ios-sdk" */;
			productName = FirebaseAnalyticsOnDeviceConversion;
		};
		A2E0D8012B83F07800A5AE60 /* FirebaseAnalyticsSwift */ = {
			isa = XCSwiftPackageProductDependency;
			package = A2E0D7FC2B83F07800A5AE60 /* XCRemoteSwiftPackageReference "firebase-ios-sdk" */;
			productName = FirebaseAnalyticsSwift;
		};
		A2E0D8032B83F07800A5AE60 /* FirebaseAnalyticsWithoutAdIdSupport */ = {
			isa = XCSwiftPackageProductDependency;
			package = A2E0D7FC2B83F07800A5AE60 /* XCRemoteSwiftPackageReference "firebase-ios-sdk" */;
			productName = FirebaseAnalyticsWithoutAdIdSupport;
		};
		A2E0D8052B83F07800A5AE60 /* FirebaseAppCheck */ = {
			isa = XCSwiftPackageProductDependency;
			package = A2E0D7FC2B83F07800A5AE60 /* XCRemoteSwiftPackageReference "firebase-ios-sdk" */;
			productName = FirebaseAppCheck;
		};
		A2E0D8072B83F07800A5AE60 /* FirebaseAppDistribution-Beta */ = {
			isa = XCSwiftPackageProductDependency;
			package = A2E0D7FC2B83F07800A5AE60 /* XCRemoteSwiftPackageReference "firebase-ios-sdk" */;
			productName = "FirebaseAppDistribution-Beta";
		};
		A2E0D8092B83F07800A5AE60 /* FirebaseAuth */ = {
			isa = XCSwiftPackageProductDependency;
			package = A2E0D7FC2B83F07800A5AE60 /* XCRemoteSwiftPackageReference "firebase-ios-sdk" */;
			productName = FirebaseAuth;
		};
		A2E0D80B2B83F07800A5AE60 /* FirebaseAuthCombine-Community */ = {
			isa = XCSwiftPackageProductDependency;
			package = A2E0D7FC2B83F07800A5AE60 /* XCRemoteSwiftPackageReference "firebase-ios-sdk" */;
			productName = "FirebaseAuthCombine-Community";
		};
		A2E0D80D2B83F07800A5AE60 /* FirebaseCrashlytics */ = {
			isa = XCSwiftPackageProductDependency;
			package = A2E0D7FC2B83F07800A5AE60 /* XCRemoteSwiftPackageReference "firebase-ios-sdk" */;
			productName = FirebaseCrashlytics;
		};
		A2E0D80F2B83F07800A5AE60 /* FirebaseDatabase */ = {
			isa = XCSwiftPackageProductDependency;
			package = A2E0D7FC2B83F07800A5AE60 /* XCRemoteSwiftPackageReference "firebase-ios-sdk" */;
			productName = FirebaseDatabase;
		};
		A2E0D8112B83F07800A5AE60 /* FirebaseDatabaseSwift */ = {
			isa = XCSwiftPackageProductDependency;
			package = A2E0D7FC2B83F07800A5AE60 /* XCRemoteSwiftPackageReference "firebase-ios-sdk" */;
			productName = FirebaseDatabaseSwift;
		};
		A2E0D8132B83F07800A5AE60 /* FirebaseDynamicLinks */ = {
			isa = XCSwiftPackageProductDependency;
			package = A2E0D7FC2B83F07800A5AE60 /* XCRemoteSwiftPackageReference "firebase-ios-sdk" */;
			productName = FirebaseDynamicLinks;
		};
		A2E0D8152B83F07800A5AE60 /* FirebaseFirestore */ = {
			isa = XCSwiftPackageProductDependency;
			package = A2E0D7FC2B83F07800A5AE60 /* XCRemoteSwiftPackageReference "firebase-ios-sdk" */;
			productName = FirebaseFirestore;
		};
		A2E0D8172B83F07800A5AE60 /* FirebaseFirestoreCombine-Community */ = {
			isa = XCSwiftPackageProductDependency;
			package = A2E0D7FC2B83F07800A5AE60 /* XCRemoteSwiftPackageReference "firebase-ios-sdk" */;
			productName = "FirebaseFirestoreCombine-Community";
		};
		A2E0D8192B83F07800A5AE60 /* FirebaseFirestoreSwift */ = {
			isa = XCSwiftPackageProductDependency;
			package = A2E0D7FC2B83F07800A5AE60 /* XCRemoteSwiftPackageReference "firebase-ios-sdk" */;
			productName = FirebaseFirestoreSwift;
		};
		A2E0D81B2B83F07800A5AE60 /* FirebaseFunctions */ = {
			isa = XCSwiftPackageProductDependency;
			package = A2E0D7FC2B83F07800A5AE60 /* XCRemoteSwiftPackageReference "firebase-ios-sdk" */;
			productName = FirebaseFunctions;
		};
		A2E0D81D2B83F07800A5AE60 /* FirebaseFunctionsCombine-Community */ = {
			isa = XCSwiftPackageProductDependency;
			package = A2E0D7FC2B83F07800A5AE60 /* XCRemoteSwiftPackageReference "firebase-ios-sdk" */;
			productName = "FirebaseFunctionsCombine-Community";
		};
		A2E0D81F2B83F07800A5AE60 /* FirebaseInAppMessaging-Beta */ = {
			isa = XCSwiftPackageProductDependency;
			package = A2E0D7FC2B83F07800A5AE60 /* XCRemoteSwiftPackageReference "firebase-ios-sdk" */;
			productName = "FirebaseInAppMessaging-Beta";
		};
		A2E0D8212B83F07800A5AE60 /* FirebaseInAppMessagingSwift-Beta */ = {
			isa = XCSwiftPackageProductDependency;
			package = A2E0D7FC2B83F07800A5AE60 /* XCRemoteSwiftPackageReference "firebase-ios-sdk" */;
			productName = "FirebaseInAppMessagingSwift-Beta";
		};
		A2E0D8232B83F07800A5AE60 /* FirebaseInstallations */ = {
			isa = XCSwiftPackageProductDependency;
			package = A2E0D7FC2B83F07800A5AE60 /* XCRemoteSwiftPackageReference "firebase-ios-sdk" */;
			productName = FirebaseInstallations;
		};
		A2E0D8252B83F07800A5AE60 /* FirebaseMLModelDownloader */ = {
			isa = XCSwiftPackageProductDependency;
			package = A2E0D7FC2B83F07800A5AE60 /* XCRemoteSwiftPackageReference "firebase-ios-sdk" */;
			productName = FirebaseMLModelDownloader;
		};
		A2E0D8272B83F07800A5AE60 /* FirebaseMessaging */ = {
			isa = XCSwiftPackageProductDependency;
			package = A2E0D7FC2B83F07800A5AE60 /* XCRemoteSwiftPackageReference "firebase-ios-sdk" */;
			productName = FirebaseMessaging;
		};
		A2E0D8292B83F07800A5AE60 /* FirebasePerformance */ = {
			isa = XCSwiftPackageProductDependency;
			package = A2E0D7FC2B83F07800A5AE60 /* XCRemoteSwiftPackageReference "firebase-ios-sdk" */;
			productName = FirebasePerformance;
		};
		A2E0D82B2B83F07800A5AE60 /* FirebaseRemoteConfig */ = {
			isa = XCSwiftPackageProductDependency;
			package = A2E0D7FC2B83F07800A5AE60 /* XCRemoteSwiftPackageReference "firebase-ios-sdk" */;
			productName = FirebaseRemoteConfig;
		};
		A2E0D82D2B83F07800A5AE60 /* FirebaseRemoteConfigSwift */ = {
			isa = XCSwiftPackageProductDependency;
			package = A2E0D7FC2B83F07800A5AE60 /* XCRemoteSwiftPackageReference "firebase-ios-sdk" */;
			productName = FirebaseRemoteConfigSwift;
		};
		A2E0D82F2B83F07800A5AE60 /* FirebaseStorage */ = {
			isa = XCSwiftPackageProductDependency;
			package = A2E0D7FC2B83F07800A5AE60 /* XCRemoteSwiftPackageReference "firebase-ios-sdk" */;
			productName = FirebaseStorage;
		};
		A2E0D8312B83F07800A5AE60 /* FirebaseStorageCombine-Community */ = {
			isa = XCSwiftPackageProductDependency;
			package = A2E0D7FC2B83F07800A5AE60 /* XCRemoteSwiftPackageReference "firebase-ios-sdk" */;
			productName = "FirebaseStorageCombine-Community";
		};
/* End XCSwiftPackageProductDependency section */
	};
	rootObject = A2E0D7CA2B829CAF00A5AE60 /* Project object */;
}
