// !$*UTF8*$!
{
	archiveVersion = 1;
	classes = {
	};
	objectVersion = 56;
	objects = {

/* Begin PBXBuildFile section */
		A2E0D7D62B829CAF00A5AE60 /* blurbApp.swift in Sources */ = {isa = PBXBuildFile; fileRef = A2E0D7D52B829CAF00A5AE60 /* blurbApp.swift */; };
		A2E0D7D82B829CAF00A5AE60 /* ContentView.swift in Sources */ = {isa = PBXBuildFile; fileRef = A2E0D7D72B829CAF00A5AE60 /* ContentView.swift */; };
		A2E0D7DA2B829CB000A5AE60 /* Assets.xcassets in Resources */ = {isa = PBXBuildFile; fileRef = A2E0D7D92B829CB000A5AE60 /* Assets.xcassets */; };
		A2E0D7DD2B829CB000A5AE60 /* Preview Assets.xcassets in Resources */ = {isa = PBXBuildFile; fileRef = A2E0D7DC2B829CB000A5AE60 /* Preview Assets.xcassets */; };
		A2E0D7EF2B82A43200A5AE60 /* LoginView.swift in Sources */ = {isa = PBXBuildFile; fileRef = A2E0D7EE2B82A43200A5AE60 /* LoginView.swift */; };
		A2E0D7F12B82A5FE00A5AE60 /* InputView.swift in Sources */ = {isa = PBXBuildFile; fileRef = A2E0D7F02B82A5FE00A5AE60 /* InputView.swift */; };
		A2E0D7F32B82ABAD00A5AE60 /* RegistrationView.swift in Sources */ = {isa = PBXBuildFile; fileRef = A2E0D7F22B82ABAD00A5AE60 /* RegistrationView.swift */; };
/* End PBXBuildFile section */

/* Begin PBXFileReference section */
		A2E0D7D22B829CAF00A5AE60 /* blurb.app */ = {isa = PBXFileReference; explicitFileType = wrapper.application; includeInIndex = 0; path = blurb.app; sourceTree = BUILT_PRODUCTS_DIR; };
		A2E0D7D52B829CAF00A5AE60 /* blurbApp.swift */ = {isa = PBXFileReference; lastKnownFileType = sourcecode.swift; path = blurbApp.swift; sourceTree = "<group>"; };
		A2E0D7D72B829CAF00A5AE60 /* ContentView.swift */ = {isa = PBXFileReference; lastKnownFileType = sourcecode.swift; path = ContentView.swift; sourceTree = "<group>"; };
		A2E0D7D92B829CB000A5AE60 /* Assets.xcassets */ = {isa = PBXFileReference; lastKnownFileType = folder.assetcatalog; path = Assets.xcassets; sourceTree = "<group>"; };
		A2E0D7DC2B829CB000A5AE60 /* Preview Assets.xcassets */ = {isa = PBXFileReference; lastKnownFileType = folder.assetcatalog; path = "Preview Assets.xcassets"; sourceTree = "<group>"; };
		A2E0D7EE2B82A43200A5AE60 /* LoginView.swift */ = {isa = PBXFileReference; lastKnownFileType = sourcecode.swift; path = LoginView.swift; sourceTree = "<group>"; };
		A2E0D7F02B82A5FE00A5AE60 /* InputView.swift */ = {isa = PBXFileReference; lastKnownFileType = sourcecode.swift; path = InputView.swift; sourceTree = "<group>"; };
		A2E0D7F22B82ABAD00A5AE60 /* RegistrationView.swift */ = {isa = PBXFileReference; lastKnownFileType = sourcecode.swift; path = RegistrationView.swift; sourceTree = "<group>"; };
/* End PBXFileReference section */

/* Begin PBXFrameworksBuildPhase section */
		A2E0D7CF2B829CAF00A5AE60 /* Frameworks */ = {
			isa = PBXFrameworksBuildPhase;
			buildActionMask = 2147483647;
			files = (
			);
			runOnlyForDeploymentPostprocessing = 0;
		};
/* End PBXFrameworksBuildPhase section */

/* Begin PBXGroup section */
		A2E0D7C92B829CAF00A5AE60 = {
			isa = PBXGroup;
			children = (
				A2E0D7D42B829CAF00A5AE60 /* blurb */,
				A2E0D7D32B829CAF00A5AE60 /* Products */,
			);
			sourceTree = "<group>";
		};
		A2E0D7D32B829CAF00A5AE60 /* Products */ = {
			isa = PBXGroup;
			children = (
				A2E0D7D22B829CAF00A5AE60 /* blurb.app */,
			);
			name = Products;
			sourceTree = "<group>";
		};
		A2E0D7D42B829CAF00A5AE60 /* blurb */ = {
			isa = PBXGroup;
			children = (
				A2E0D7E62B82A28E00A5AE60 /* Model */,
				A2E0D7E52B82A28C00A5AE60 /* Core */,
				A2E0D7E42B82A28900A5AE60 /* Components */,
				A2E0D7E32B82A28200A5AE60 /* App */,
				A2E0D7D92B829CB000A5AE60 /* Assets.xcassets */,
				A2E0D7DB2B829CB000A5AE60 /* Preview Content */,
			);
			path = blurb;
			sourceTree = "<group>";
		};
		A2E0D7DB2B829CB000A5AE60 /* Preview Content */ = {
			isa = PBXGroup;
			children = (
				A2E0D7DC2B829CB000A5AE60 /* Preview Assets.xcassets */,
			);
			path = "Preview Content";
			sourceTree = "<group>";
		};
		A2E0D7E32B82A28200A5AE60 /* App */ = {
			isa = PBXGroup;
			children = (
				A2E0D7D52B829CAF00A5AE60 /* blurbApp.swift */,
			);
			path = App;
			sourceTree = "<group>";
		};
		A2E0D7E42B82A28900A5AE60 /* Components */ = {
			isa = PBXGroup;
			children = (
				A2E0D7F02B82A5FE00A5AE60 /* InputView.swift */,
			);
			path = Components;
			sourceTree = "<group>";
		};
		A2E0D7E52B82A28C00A5AE60 /* Core */ = {
			isa = PBXGroup;
			children = (
				A2E0D7E92B82A2E200A5AE60 /* Authentication */,
				A2E0D7EA2B82A2E800A5AE60 /* Profile */,
				A2E0D7E82B82A2D000A5AE60 /* Root */,
			);
			path = Core;
			sourceTree = "<group>";
		};
		A2E0D7E62B82A28E00A5AE60 /* Model */ = {
			isa = PBXGroup;
			children = (
			);
			path = Model;
			sourceTree = "<group>";
		};
		A2E0D7E82B82A2D000A5AE60 /* Root */ = {
			isa = PBXGroup;
			children = (
				A2E0D7D72B829CAF00A5AE60 /* ContentView.swift */,
			);
			path = Root;
			sourceTree = "<group>";
		};
		A2E0D7E92B82A2E200A5AE60 /* Authentication */ = {
			isa = PBXGroup;
			children = (
				A2E0D7EE2B82A43200A5AE60 /* LoginView.swift */,
				A2E0D7F22B82ABAD00A5AE60 /* RegistrationView.swift */,
			);
			path = Authentication;
			sourceTree = "<group>";
		};
		A2E0D7EA2B82A2E800A5AE60 /* Profile */ = {
			isa = PBXGroup;
			children = (
			);
			path = Profile;
			sourceTree = "<group>";
		};
/* End PBXGroup section */

/* Begin PBXNativeTarget section */
		A2E0D7D12B829CAF00A5AE60 /* blurb */ = {
			isa = PBXNativeTarget;
			buildConfigurationList = A2E0D7E02B829CB000A5AE60 /* Build configuration list for PBXNativeTarget "blurb" */;
			buildPhases = (
				A2E0D7CE2B829CAF00A5AE60 /* Sources */,
				A2E0D7CF2B829CAF00A5AE60 /* Frameworks */,
				A2E0D7D02B829CAF00A5AE60 /* Resources */,
			);
			buildRules = (
			);
			dependencies = (
			);
			name = blurb;
			productName = blurb;
			productReference = A2E0D7D22B829CAF00A5AE60 /* blurb.app */;
			productType = "com.apple.product-type.application";
		};
/* End PBXNativeTarget section */

/* Begin PBXProject section */
		A2E0D7CA2B829CAF00A5AE60 /* Project object */ = {
			isa = PBXProject;
			attributes = {
				BuildIndependentTargetsInParallel = 1;
				LastSwiftUpdateCheck = 1520;
				LastUpgradeCheck = 1520;
				TargetAttributes = {
					A2E0D7D12B829CAF00A5AE60 = {
						CreatedOnToolsVersion = 15.2;
					};
				};
			};
			buildConfigurationList = A2E0D7CD2B829CAF00A5AE60 /* Build configuration list for PBXProject "blurb" */;
			compatibilityVersion = "Xcode 14.0";
			developmentRegion = en;
			hasScannedForEncodings = 0;
			knownRegions = (
				en,
				Base,
			);
			mainGroup = A2E0D7C92B829CAF00A5AE60;
			productRefGroup = A2E0D7D32B829CAF00A5AE60 /* Products */;
			projectDirPath = "";
			projectRoot = "";
			targets = (
				A2E0D7D12B829CAF00A5AE60 /* blurb */,
			);
		};
/* End PBXProject section */

/* Begin PBXResourcesBuildPhase section */
		A2E0D7D02B829CAF00A5AE60 /* Resources */ = {
			isa = PBXResourcesBuildPhase;
			buildActionMask = 2147483647;
			files = (
				A2E0D7DD2B829CB000A5AE60 /* Preview Assets.xcassets in Resources */,
				A2E0D7DA2B829CB000A5AE60 /* Assets.xcassets in Resources */,
			);
			runOnlyForDeploymentPostprocessing = 0;
		};
/* End PBXResourcesBuildPhase section */

/* Begin PBXSourcesBuildPhase section */
		A2E0D7CE2B829CAF00A5AE60 /* Sources */ = {
			isa = PBXSourcesBuildPhase;
			buildActionMask = 2147483647;
			files = (
				A2E0D7EF2B82A43200A5AE60 /* LoginView.swift in Sources */,
				A2E0D7F12B82A5FE00A5AE60 /* InputView.swift in Sources */,
				A2E0D7D82B829CAF00A5AE60 /* ContentView.swift in Sources */,
				A2E0D7D62B829CAF00A5AE60 /* blurbApp.swift in Sources */,
				A2E0D7F32B82ABAD00A5AE60 /* RegistrationView.swift in Sources */,
			);
			runOnlyForDeploymentPostprocessing = 0;
		};
/* End PBXSourcesBuildPhase section */

/* Begin XCBuildConfiguration section */
		A2E0D7DE2B829CB000A5AE60 /* Debug */ = {
			isa = XCBuildConfiguration;
			buildSettings = {
				ALWAYS_SEARCH_USER_PATHS = NO;
				ASSETCATALOG_COMPILER_GENERATE_SWIFT_ASSET_SYMBOL_EXTENSIONS = YES;
				CLANG_ANALYZER_NONNULL = YES;
				CLANG_ANALYZER_NUMBER_OBJECT_CONVERSION = YES_AGGRESSIVE;
				CLANG_CXX_LANGUAGE_STANDARD = "gnu++20";
				CLANG_ENABLE_MODULES = YES;
				CLANG_ENABLE_OBJC_ARC = YES;
				CLANG_ENABLE_OBJC_WEAK = YES;
				CLANG_WARN_BLOCK_CAPTURE_AUTORELEASING = YES;
				CLANG_WARN_BOOL_CONVERSION = YES;
				CLANG_WARN_COMMA = YES;
				CLANG_WARN_CONSTANT_CONVERSION = YES;
				CLANG_WARN_DEPRECATED_OBJC_IMPLEMENTATIONS = YES;
				CLANG_WARN_DIRECT_OBJC_ISA_USAGE = YES_ERROR;
				CLANG_WARN_DOCUMENTATION_COMMENTS = YES;
				CLANG_WARN_EMPTY_BODY = YES;
				CLANG_WARN_ENUM_CONVERSION = YES;
				CLANG_WARN_INFINITE_RECURSION = YES;
				CLANG_WARN_INT_CONVERSION = YES;
				CLANG_WARN_NON_LITERAL_NULL_CONVERSION = YES;
				CLANG_WARN_OBJC_IMPLICIT_RETAIN_SELF = YES;
				CLANG_WARN_OBJC_LITERAL_CONVERSION = YES;
				CLANG_WARN_OBJC_ROOT_CLASS = YES_ERROR;
				CLANG_WARN_QUOTED_INCLUDE_IN_FRAMEWORK_HEADER = YES;
				CLANG_WARN_RANGE_LOOP_ANALYSIS = YES;
				CLANG_WARN_STRICT_PROTOTYPES = YES;
				CLANG_WARN_SUSPICIOUS_MOVE = YES;
				CLANG_WARN_UNGUARDED_AVAILABILITY = YES_AGGRESSIVE;
				CLANG_WARN_UNREACHABLE_CODE = YES;
				CLANG_WARN__DUPLICATE_METHOD_MATCH = YES;
				COPY_PHASE_STRIP = NO;
				DEBUG_INFORMATION_FORMAT = dwarf;
				ENABLE_STRICT_OBJC_MSGSEND = YES;
				ENABLE_TESTABILITY = YES;
				ENABLE_USER_SCRIPT_SANDBOXING = YES;
				GCC_C_LANGUAGE_STANDARD = gnu17;
				GCC_DYNAMIC_NO_PIC = NO;
				GCC_NO_COMMON_BLOCKS = YES;
				GCC_OPTIMIZATION_LEVEL = 0;
				GCC_PREPROCESSOR_DEFINITIONS = (
					"DEBUG=1",
					"$(inherited)",
				);
				GCC_WARN_64_TO_32_BIT_CONVERSION = YES;
				GCC_WARN_ABOUT_RETURN_TYPE = YES_ERROR;
				GCC_WARN_UNDECLARED_SELECTOR = YES;
				GCC_WARN_UNINITIALIZED_AUTOS = YES_AGGRESSIVE;
				GCC_WARN_UNUSED_FUNCTION = YES;
				GCC_WARN_UNUSED_VARIABLE = YES;
				IPHONEOS_DEPLOYMENT_TARGET = 17.2;
				LOCALIZATION_PREFERS_STRING_CATALOGS = YES;
				MTL_ENABLE_DEBUG_INFO = INCLUDE_SOURCE;
				MTL_FAST_MATH = YES;
				ONLY_ACTIVE_ARCH = YES;
				SDKROOT = iphoneos;
				SWIFT_ACTIVE_COMPILATION_CONDITIONS = "DEBUG $(inherited)";
				SWIFT_OPTIMIZATION_LEVEL = "-Onone";
			};
			name = Debug;
		};
		A2E0D7DF2B829CB000A5AE60 /* Release */ = {
			isa = XCBuildConfiguration;
			buildSettings = {
				ALWAYS_SEARCH_USER_PATHS = NO;
				ASSETCATALOG_COMPILER_GENERATE_SWIFT_ASSET_SYMBOL_EXTENSIONS = YES;
				CLANG_ANALYZER_NONNULL = YES;
				CLANG_ANALYZER_NUMBER_OBJECT_CONVERSION = YES_AGGRESSIVE;
				CLANG_CXX_LANGUAGE_STANDARD = "gnu++20";
				CLANG_ENABLE_MODULES = YES;
				CLANG_ENABLE_OBJC_ARC = YES;
				CLANG_ENABLE_OBJC_WEAK = YES;
				CLANG_WARN_BLOCK_CAPTURE_AUTORELEASING = YES;
				CLANG_WARN_BOOL_CONVERSION = YES;
				CLANG_WARN_COMMA = YES;
				CLANG_WARN_CONSTANT_CONVERSION = YES;
				CLANG_WARN_DEPRECATED_OBJC_IMPLEMENTATIONS = YES;
				CLANG_WARN_DIRECT_OBJC_ISA_USAGE = YES_ERROR;
				CLANG_WARN_DOCUMENTATION_COMMENTS = YES;
				CLANG_WARN_EMPTY_BODY = YES;
				CLANG_WARN_ENUM_CONVERSION = YES;
				CLANG_WARN_INFINITE_RECURSION = YES;
				CLANG_WARN_INT_CONVERSION = YES;
				CLANG_WARN_NON_LITERAL_NULL_CONVERSION = YES;
				CLANG_WARN_OBJC_IMPLICIT_RETAIN_SELF = YES;
				CLANG_WARN_OBJC_LITERAL_CONVERSION = YES;
				CLANG_WARN_OBJC_ROOT_CLASS = YES_ERROR;
				CLANG_WARN_QUOTED_INCLUDE_IN_FRAMEWORK_HEADER = YES;
				CLANG_WARN_RANGE_LOOP_ANALYSIS = YES;
				CLANG_WARN_STRICT_PROTOTYPES = YES;
				CLANG_WARN_SUSPICIOUS_MOVE = YES;
				CLANG_WARN_UNGUARDED_AVAILABILITY = YES_AGGRESSIVE;
				CLANG_WARN_UNREACHABLE_CODE = YES;
				CLANG_WARN__DUPLICATE_METHOD_MATCH = YES;
				COPY_PHASE_STRIP = NO;
				DEBUG_INFORMATION_FORMAT = "dwarf-with-dsym";
				ENABLE_NS_ASSERTIONS = NO;
				ENABLE_STRICT_OBJC_MSGSEND = YES;
				ENABLE_USER_SCRIPT_SANDBOXING = YES;
				GCC_C_LANGUAGE_STANDARD = gnu17;
				GCC_NO_COMMON_BLOCKS = YES;
				GCC_WARN_64_TO_32_BIT_CONVERSION = YES;
				GCC_WARN_ABOUT_RETURN_TYPE = YES_ERROR;
				GCC_WARN_UNDECLARED_SELECTOR = YES;
				GCC_WARN_UNINITIALIZED_AUTOS = YES_AGGRESSIVE;
				GCC_WARN_UNUSED_FUNCTION = YES;
				GCC_WARN_UNUSED_VARIABLE = YES;
				IPHONEOS_DEPLOYMENT_TARGET = 17.2;
				LOCALIZATION_PREFERS_STRING_CATALOGS = YES;
				MTL_ENABLE_DEBUG_INFO = NO;
				MTL_FAST_MATH = YES;
				SDKROOT = iphoneos;
				SWIFT_COMPILATION_MODE = wholemodule;
				VALIDATE_PRODUCT = YES;
			};
			name = Release;
		};
		A2E0D7E12B829CB000A5AE60 /* Debug */ = {
			isa = XCBuildConfiguration;
			buildSettings = {
				ASSETCATALOG_COMPILER_APPICON_NAME = AppIcon;
				ASSETCATALOG_COMPILER_GLOBAL_ACCENT_COLOR_NAME = AccentColor;
				CODE_SIGN_STYLE = Automatic;
				CURRENT_PROJECT_VERSION = 1;
				DEVELOPMENT_ASSET_PATHS = "\"blurb/Preview Content\"";
				DEVELOPMENT_TEAM = 9QX36HGW76;
				ENABLE_PREVIEWS = YES;
				GENERATE_INFOPLIST_FILE = YES;
				INFOPLIST_KEY_UIApplicationSceneManifest_Generation = YES;
				INFOPLIST_KEY_UIApplicationSupportsIndirectInputEvents = YES;
				INFOPLIST_KEY_UILaunchScreen_Generation = YES;
				INFOPLIST_KEY_UISupportedInterfaceOrientations_iPad = "UIInterfaceOrientationPortrait UIInterfaceOrientationPortraitUpsideDown UIInterfaceOrientationLandscapeLeft UIInterfaceOrientationLandscapeRight";
				INFOPLIST_KEY_UISupportedInterfaceOrientations_iPhone = "UIInterfaceOrientationPortrait UIInterfaceOrientationLandscapeLeft UIInterfaceOrientationLandscapeRight";
				LD_RUNPATH_SEARCH_PATHS = (
					"$(inherited)",
					"@executable_path/Frameworks",
				);
				MARKETING_VERSION = 1.0;
				PRODUCT_BUNDLE_IDENTIFIER = steven.blurb;
				PRODUCT_NAME = "$(TARGET_NAME)";
				SWIFT_EMIT_LOC_STRINGS = YES;
				SWIFT_VERSION = 5.0;
				TARGETED_DEVICE_FAMILY = "1,2";
			};
			name = Debug;
		};
		A2E0D7E22B829CB000A5AE60 /* Release */ = {
			isa = XCBuildConfiguration;
			buildSettings = {
				ASSETCATALOG_COMPILER_APPICON_NAME = AppIcon;
				ASSETCATALOG_COMPILER_GLOBAL_ACCENT_COLOR_NAME = AccentColor;
				CODE_SIGN_STYLE = Automatic;
				CURRENT_PROJECT_VERSION = 1;
				DEVELOPMENT_ASSET_PATHS = "\"blurb/Preview Content\"";
				DEVELOPMENT_TEAM = 9QX36HGW76;
				ENABLE_PREVIEWS = YES;
				GENERATE_INFOPLIST_FILE = YES;
				INFOPLIST_KEY_UIApplicationSceneManifest_Generation = YES;
				INFOPLIST_KEY_UIApplicationSupportsIndirectInputEvents = YES;
				INFOPLIST_KEY_UILaunchScreen_Generation = YES;
				INFOPLIST_KEY_UISupportedInterfaceOrientations_iPad = "UIInterfaceOrientationPortrait UIInterfaceOrientationPortraitUpsideDown UIInterfaceOrientationLandscapeLeft UIInterfaceOrientationLandscapeRight";
				INFOPLIST_KEY_UISupportedInterfaceOrientations_iPhone = "UIInterfaceOrientationPortrait UIInterfaceOrientationLandscapeLeft UIInterfaceOrientationLandscapeRight";
				LD_RUNPATH_SEARCH_PATHS = (
					"$(inherited)",
					"@executable_path/Frameworks",
				);
				MARKETING_VERSION = 1.0;
				PRODUCT_BUNDLE_IDENTIFIER = steven.blurb;
				PRODUCT_NAME = "$(TARGET_NAME)";
				SWIFT_EMIT_LOC_STRINGS = YES;
				SWIFT_VERSION = 5.0;
				TARGETED_DEVICE_FAMILY = "1,2";
			};
			name = Release;
		};
/* End XCBuildConfiguration section */

/* Begin XCConfigurationList section */
		A2E0D7CD2B829CAF00A5AE60 /* Build configuration list for PBXProject "blurb" */ = {
			isa = XCConfigurationList;
			buildConfigurations = (
				A2E0D7DE2B829CB000A5AE60 /* Debug */,
				A2E0D7DF2B829CB000A5AE60 /* Release */,
			);
			defaultConfigurationIsVisible = 0;
			defaultConfigurationName = Release;
		};
		A2E0D7E02B829CB000A5AE60 /* Build configuration list for PBXNativeTarget "blurb" */ = {
			isa = XCConfigurationList;
			buildConfigurations = (
				A2E0D7E12B829CB000A5AE60 /* Debug */,
				A2E0D7E22B829CB000A5AE60 /* Release */,
			);
			defaultConfigurationIsVisible = 0;
			defaultConfigurationName = Release;
		};
/* End XCConfigurationList section */
	};
	rootObject = A2E0D7CA2B829CAF00A5AE60 /* Project object */;
}
